
Microsoft Visual Studio Solution File, Format Version 12.00
# Visual Studio Version 17
VisualStudioVersion = 17.3.32901.215
MinimumVisualStudioVersion = 10.0.40219.1
Project("{9A19103F-16F7-4668-BE54-9A1E7A4F7556}") = "EcommerceMARDOM", "EcommerceMARDOM\EcommerceMARDOM.csproj", "{86B83F60-9593-4B28-8107-BA0A5E52286C}"
EndProject
Project("{2150E333-8FDC-42A3-9474-1A3956D46DE8}") = "Api", "Api", "{E48F17BB-BD86-44EF-AA16-31A8051020B2}"
EndProject
Project("{2150E333-8FDC-42A3-9474-1A3956D46DE8}") = "DataAccess", "DataAccess", "{190C94AC-53FF-495C-B80B-BD9F173A5FA3}"
EndProject
Project("{2150E333-8FDC-42A3-9474-1A3956D46DE8}") = "Aplication", "Aplication", "{689040BA-BDAB-4F81-A7A7-CDC266A6EEA5}"
EndProject
Project("{2150E333-8FDC-42A3-9474-1A3956D46DE8}") = "Domain", "Domain", "{FD41C9A0-58AC-42E9-96D7-E4386134C93F}"
EndProject
Project("{9A19103F-16F7-4668-BE54-9A1E7A4F7556}") = "ECOMMERCEAPP", "ECOMMERCEAPP\ECOMMERCEAPP.csproj", "{E45A512E-AA2A-4EAA-A68C-6F7C94643575}"
EndProject
Project("{9A19103F-16F7-4668-BE54-9A1E7A4F7556}") = "ECOMMERCEAPPCONTRACT", "ECOMMERCEAPPCONTRACT\ECOMMERCEAPPCONTRACT.csproj", "{6E7AF740-842C-4666-8798-EF3569013CF2}"
EndProject
Project("{9A19103F-16F7-4668-BE54-9A1E7A4F7556}") = "ECOMMERCEDATA", "ECOMMERCEDATA\ECOMMERCEDATA.csproj", "{330922D5-BD81-4B87-AE70-6046080BED68}"
EndProject
Project("{9A19103F-16F7-4668-BE54-9A1E7A4F7556}") = "ECOMMERCEDATACONTR", "ECOMMERCEDATACONTR\ECOMMERCEDATACONTR.csproj", "{DEA9EBC0-1205-42DF-AE70-F1DE1D31E550}"
EndProject
Project("{9A19103F-16F7-4668-BE54-9A1E7A4F7556}") = "MODELS", "MODELS\MODELS.csproj", "{CF26AB80-7141-48EB-90D1-9EED11CD6FED}"
EndProject
Global
	GlobalSection(SolutionConfigurationPlatforms) = preSolution
		Debug|Any CPU = Debug|Any CPU
		Release|Any CPU = Release|Any CPU
	EndGlobalSection
	GlobalSection(ProjectConfigurationPlatforms) = postSolution
		{86B83F60-9593-4B28-8107-BA0A5E52286C}.Debug|Any CPU.ActiveCfg = Debug|Any CPU
		{86B83F60-9593-4B28-8107-BA0A5E52286C}.Debug|Any CPU.Build.0 = Debug|Any CPU
		{86B83F60-9593-4B28-8107-BA0A5E52286C}.Release|Any CPU.ActiveCfg = Release|Any CPU
		{86B83F60-9593-4B28-8107-BA0A5E52286C}.Release|Any CPU.Build.0 = Release|Any CPU
		{E45A512E-AA2A-4EAA-A68C-6F7C94643575}.Debug|Any CPU.ActiveCfg = Debug|Any CPU
		{E45A512E-AA2A-4EAA-A68C-6F7C94643575}.Debug|Any CPU.Build.0 = Debug|Any CPU
		{E45A512E-AA2A-4EAA-A68C-6F7C94643575}.Release|Any CPU.ActiveCfg = Release|Any CPU
		{E45A512E-AA2A-4EAA-A68C-6F7C94643575}.Release|Any CPU.Build.0 = Release|Any CPU
		{6E7AF740-842C-4666-8798-EF3569013CF2}.Debug|Any CPU.ActiveCfg = Debug|Any CPU
		{6E7AF740-842C-4666-8798-EF3569013CF2}.Debug|Any CPU.Build.0 = Debug|Any CPU
		{6E7AF740-842C-4666-8798-EF3569013CF2}.Release|Any CPU.ActiveCfg = Release|Any CPU
		{6E7AF740-842C-4666-8798-EF3569013CF2}.Release|Any CPU.Build.0 = Release|Any CPU
		{330922D5-BD81-4B87-AE70-6046080BED68}.Debug|Any CPU.ActiveCfg = Debug|Any CPU
		{330922D5-BD81-4B87-AE70-6046080BED68}.Debug|Any CPU.Build.0 = Debug|Any CPU
		{330922D5-BD81-4B87-AE70-6046080BED68}.Release|Any CPU.ActiveCfg = Release|Any CPU
		{330922D5-BD81-4B87-AE70-6046080BED68}.Release|Any CPU.Build.0 = Release|Any CPU
		{DEA9EBC0-1205-42DF-AE70-F1DE1D31E550}.Debug|Any CPU.ActiveCfg = Debug|Any CPU
		{DEA9EBC0-1205-42DF-AE70-F1DE1D31E550}.Debug|Any CPU.Build.0 = Debug|Any CPU
		{DEA9EBC0-1205-42DF-AE70-F1DE1D31E550}.Release|Any CPU.ActiveCfg = Release|Any CPU
		{DEA9EBC0-1205-42DF-AE70-F1DE1D31E550}.Release|Any CPU.Build.0 = Release|Any CPU
		{CF26AB80-7141-48EB-90D1-9EED11CD6FED}.Debug|Any CPU.ActiveCfg = Debug|Any CPU
		{CF26AB80-7141-48EB-90D1-9EED11CD6FED}.Debug|Any CPU.Build.0 = Debug|Any CPU
		{CF26AB80-7141-48EB-90D1-9EED11CD6FED}.Release|Any CPU.ActiveCfg = Release|Any CPU
		{CF26AB80-7141-48EB-90D1-9EED11CD6FED}.Release|Any CPU.Build.0 = Release|Any CPU
	EndGlobalSection
	GlobalSection(SolutionProperties) = preSolution
		HideSolutionNode = FALSE
	EndGlobalSection
	GlobalSection(NestedProjects) = preSolution
		{86B83F60-9593-4B28-8107-BA0A5E52286C} = {E48F17BB-BD86-44EF-AA16-31A8051020B2}
		{E45A512E-AA2A-4EAA-A68C-6F7C94643575} = {689040BA-BDAB-4F81-A7A7-CDC266A6EEA5}
		{6E7AF740-842C-4666-8798-EF3569013CF2} = {689040BA-BDAB-4F81-A7A7-CDC266A6EEA5}
		{330922D5-BD81-4B87-AE70-6046080BED68} = {190C94AC-53FF-495C-B80B-BD9F173A5FA3}
		{DEA9EBC0-1205-42DF-AE70-F1DE1D31E550} = {190C94AC-53FF-495C-B80B-BD9F173A5FA3}
		{CF26AB80-7141-48EB-90D1-9EED11CD6FED} = {FD41C9A0-58AC-42E9-96D7-E4386134C93F}
	EndGlobalSection
	GlobalSection(ExtensibilityGlobals) = postSolution
		SolutionGuid = {7ABBBEA7-E0E6-4109-91C2-6B321D19B5F1}
	EndGlobalSection
EndGlobal
